
Microsoft Visual Studio Solution File, Format Version 12.00
# Visual Studio 15
VisualStudioVersion = 15.0.27703.2018
MinimumVisualStudioVersion = 10.0.40219.1
Project("{FAE04EC0-301F-11D3-BF4B-00C04F79EFBC}") = "Assertive", "Assertive\Assertive.csproj", "{7A8CC507-D417-4ECC-B32D-467B60C61807}"
EndProject
Project("{FAE04EC0-301F-11D3-BF4B-00C04F79EFBC}") = "Assertive.Test", "Assertive.Test\Assertive.Test.csproj", "{C4F7D58E-0457-4831-9498-91EC412DA28C}"
EndProject
Project("{FAE04EC0-301F-11D3-BF4B-00C04F79EFBC}") = "Assertive.Test.xUnit", "Assertive.Test.xUnit\Assertive.Test.xUnit.csproj", "{970FBE96-33D3-480B-8C6D-363C8E267B2C}"
EndProject
Project("{FAE04EC0-301F-11D3-BF4B-00C04F79EFBC}") = "Assertive.Test.NUnit", "Assertive.Test.NUnit\Assertive.Test.NUnit.csproj", "{1D48152A-6989-478C-AFEB-BBDB20AE94B7}"
EndProject
Project("{FAE04EC0-301F-11D3-BF4B-00C04F79EFBC}") = "Assertive.Test.MSTest", "Assertive.Test.MSTest\Assertive.Test.MSTest.csproj", "{0CB63BA5-8BDF-483B-9F62-D2CE8EC04F99}"
EndProject
Project("{FAE04EC0-301F-11D3-BF4B-00C04F79EFBC}") = "Assertive.xUnit", "Assertive.xUnit\Assertive.xUnit.csproj", "{5E708F9A-0531-457E-8D2B-A83A95594629}"
EndProject
Project("{FAE04EC0-301F-11D3-BF4B-00C04F79EFBC}") = "Assertive.Test.TUnit", "Assertive.Test.TUnit\Assertive.Test.TUnit.csproj", "{8B38B4B7-6B68-4B0E-8BF5-88B3C2C9F8B9}"
EndProject
Global
	GlobalSection(SolutionConfigurationPlatforms) = preSolution
		Debug|Any CPU = Debug|Any CPU
		Release|Any CPU = Release|Any CPU
	EndGlobalSection
	GlobalSection(ProjectConfigurationPlatforms) = postSolution
		{7A8CC507-D417-4ECC-B32D-467B60C61807}.Debug|Any CPU.ActiveCfg = Debug|Any CPU
		{7A8CC507-D417-4ECC-B32D-467B60C61807}.Debug|Any CPU.Build.0 = Debug|Any CPU
		{7A8CC507-D417-4ECC-B32D-467B60C61807}.Release|Any CPU.ActiveCfg = Release|Any CPU
		{7A8CC507-D417-4ECC-B32D-467B60C61807}.Release|Any CPU.Build.0 = Release|Any CPU
		{C4F7D58E-0457-4831-9498-91EC412DA28C}.Debug|Any CPU.ActiveCfg = Debug|Any CPU
		{C4F7D58E-0457-4831-9498-91EC412DA28C}.Debug|Any CPU.Build.0 = Debug|Any CPU
		{C4F7D58E-0457-4831-9498-91EC412DA28C}.Release|Any CPU.ActiveCfg = Release|Any CPU
		{C4F7D58E-0457-4831-9498-91EC412DA28C}.Release|Any CPU.Build.0 = Release|Any CPU
		{970FBE96-33D3-480B-8C6D-363C8E267B2C}.Debug|Any CPU.ActiveCfg = Debug|Any CPU
		{970FBE96-33D3-480B-8C6D-363C8E267B2C}.Debug|Any CPU.Build.0 = Debug|Any CPU
		{970FBE96-33D3-480B-8C6D-363C8E267B2C}.Release|Any CPU.ActiveCfg = Release|Any CPU
		{970FBE96-33D3-480B-8C6D-363C8E267B2C}.Release|Any CPU.Build.0 = Release|Any CPU
		{1D48152A-6989-478C-AFEB-BBDB20AE94B7}.Debug|Any CPU.ActiveCfg = Debug|Any CPU
		{1D48152A-6989-478C-AFEB-BBDB20AE94B7}.Debug|Any CPU.Build.0 = Debug|Any CPU
		{1D48152A-6989-478C-AFEB-BBDB20AE94B7}.Release|Any CPU.ActiveCfg = Release|Any CPU
		{1D48152A-6989-478C-AFEB-BBDB20AE94B7}.Release|Any CPU.Build.0 = Release|Any CPU
		{0CB63BA5-8BDF-483B-9F62-D2CE8EC04F99}.Debug|Any CPU.ActiveCfg = Debug|Any CPU
		{0CB63BA5-8BDF-483B-9F62-D2CE8EC04F99}.Debug|Any CPU.Build.0 = Debug|Any CPU
		{0CB63BA5-8BDF-483B-9F62-D2CE8EC04F99}.Release|Any CPU.ActiveCfg = Release|Any CPU
		{0CB63BA5-8BDF-483B-9F62-D2CE8EC04F99}.Release|Any CPU.Build.0 = Release|Any CPU
		{5E708F9A-0531-457E-8D2B-A83A95594629}.Debug|Any CPU.ActiveCfg = Debug|Any CPU
		{5E708F9A-0531-457E-8D2B-A83A95594629}.Debug|Any CPU.Build.0 = Debug|Any CPU
		{5E708F9A-0531-457E-8D2B-A83A95594629}.Release|Any CPU.ActiveCfg = Release|Any CPU
		{5E708F9A-0531-457E-8D2B-A83A95594629}.Release|Any CPU.Build.0 = Release|Any CPU
		{8B38B4B7-6B68-4B0E-8BF5-88B3C2C9F8B9}.Debug|Any CPU.ActiveCfg = Debug|Any CPU
		{8B38B4B7-6B68-4B0E-8BF5-88B3C2C9F8B9}.Debug|Any CPU.Build.0 = Debug|Any CPU
		{8B38B4B7-6B68-4B0E-8BF5-88B3C2C9F8B9}.Release|Any CPU.ActiveCfg = Release|Any CPU
		{8B38B4B7-6B68-4B0E-8BF5-88B3C2C9F8B9}.Release|Any CPU.Build.0 = Release|Any CPU
	EndGlobalSection
	GlobalSection(SolutionProperties) = preSolution
		HideSolutionNode = FALSE
	EndGlobalSection
	GlobalSection(ExtensibilityGlobals) = postSolution
		SolutionGuid = {C03B1739-A585-4C6E-8896-3F28B72558E4}
	EndGlobalSection
EndGlobal
